// !$*UTF8*$!
{
	archiveVersion = 1;
	classes = {
	};
	objectVersion = 55;
	objects = {

/* Begin PBXBuildFile section */
		3FDBD0112822A577007B6CEB /* AppDelegate.swift in Sources */ = {isa = PBXBuildFile; fileRef = 3FDBD0102822A577007B6CEB /* AppDelegate.swift */; };
		3FDBD0132822A577007B6CEB /* SceneDelegate.swift in Sources */ = {isa = PBXBuildFile; fileRef = 3FDBD0122822A577007B6CEB /* SceneDelegate.swift */; };
		3FDBD0152822A577007B6CEB /* ViewController.swift in Sources */ = {isa = PBXBuildFile; fileRef = 3FDBD0142822A577007B6CEB /* ViewController.swift */; };
		3FDBD0182822A577007B6CEB /* Main.storyboard in Resources */ = {isa = PBXBuildFile; fileRef = 3FDBD0162822A577007B6CEB /* Main.storyboard */; };
		3FDBD01A2822A579007B6CEB /* Assets.xcassets in Resources */ = {isa = PBXBuildFile; fileRef = 3FDBD0192822A579007B6CEB /* Assets.xcassets */; };
		3FDBD01D2822A579007B6CEB /* LaunchScreen.storyboard in Resources */ = {isa = PBXBuildFile; fileRef = 3FDBD01B2822A579007B6CEB /* LaunchScreen.storyboard */; };
		3FDBD0272822BD45007B6CEB /* Login.storyboard in Resources */ = {isa = PBXBuildFile; fileRef = 3FDBD0262822BD45007B6CEB /* Login.storyboard */; };
		3FDBD02B2822BE5A007B6CEB /* LoginViewController.swift in Sources */ = {isa = PBXBuildFile; fileRef = 3FDBD02A2822BE5A007B6CEB /* LoginViewController.swift */; };
		3FDBD02E2822BED9007B6CEB /* Onboarding.storyboard in Resources */ = {isa = PBXBuildFile; fileRef = 3FDBD02D2822BED9007B6CEB /* Onboarding.storyboard */; };
		3FDBD0302822BF2F007B6CEB /* OnboardingViewController.swift in Sources */ = {isa = PBXBuildFile; fileRef = 3FDBD02F2822BF2F007B6CEB /* OnboardingViewController.swift */; };
		3FDBD0322822C1DC007B6CEB /* Profile.storyboard in Resources */ = {isa = PBXBuildFile; fileRef = 3FDBD0312822C1DC007B6CEB /* Profile.storyboard */; };
/* End PBXBuildFile section */

/* Begin PBXFileReference section */
		3FDBD00D2822A577007B6CEB /* test.app */ = {isa = PBXFileReference; explicitFileType = wrapper.application; includeInIndex = 0; path = test.app; sourceTree = BUILT_PRODUCTS_DIR; };
		3FDBD0102822A577007B6CEB /* AppDelegate.swift */ = {isa = PBXFileReference; lastKnownFileType = sourcecode.swift; path = AppDelegate.swift; sourceTree = "<group>"; };
		3FDBD0122822A577007B6CEB /* SceneDelegate.swift */ = {isa = PBXFileReference; lastKnownFileType = sourcecode.swift; path = SceneDelegate.swift; sourceTree = "<group>"; };
		3FDBD0142822A577007B6CEB /* ViewController.swift */ = {isa = PBXFileReference; lastKnownFileType = sourcecode.swift; path = ViewController.swift; sourceTree = "<group>"; };
		3FDBD0172822A577007B6CEB /* Base */ = {isa = PBXFileReference; lastKnownFileType = file.storyboard; name = Base; path = Base.lproj/Main.storyboard; sourceTree = "<group>"; };
		3FDBD0192822A579007B6CEB /* Assets.xcassets */ = {isa = PBXFileReference; lastKnownFileType = folder.assetcatalog; path = Assets.xcassets; sourceTree = "<group>"; };
		3FDBD01C2822A579007B6CEB /* Base */ = {isa = PBXFileReference; lastKnownFileType = file.storyboard; name = Base; path = Base.lproj/LaunchScreen.storyboard; sourceTree = "<group>"; };
		3FDBD01E2822A579007B6CEB /* Info.plist */ = {isa = PBXFileReference; lastKnownFileType = text.plist.xml; path = Info.plist; sourceTree = "<group>"; };
		3FDBD0262822BD45007B6CEB /* Login.storyboard */ = {isa = PBXFileReference; lastKnownFileType = file.storyboard; path = Login.storyboard; sourceTree = "<group>"; };
		3FDBD02A2822BE5A007B6CEB /* LoginViewController.swift */ = {isa = PBXFileReference; lastKnownFileType = sourcecode.swift; path = LoginViewController.swift; sourceTree = "<group>"; };
		3FDBD02D2822BED9007B6CEB /* Onboarding.storyboard */ = {isa = PBXFileReference; lastKnownFileType = file.storyboard; path = Onboarding.storyboard; sourceTree = "<group>"; };
		3FDBD02F2822BF2F007B6CEB /* OnboardingViewController.swift */ = {isa = PBXFileReference; lastKnownFileType = sourcecode.swift; path = OnboardingViewController.swift; sourceTree = "<group>"; };
		3FDBD0312822C1DC007B6CEB /* Profile.storyboard */ = {isa = PBXFileReference; lastKnownFileType = file.storyboard; path = Profile.storyboard; sourceTree = "<group>"; };
/* End PBXFileReference section */

/* Begin PBXFrameworksBuildPhase section */
		3FDBD00A2822A577007B6CEB /* Frameworks */ = {
			isa = PBXFrameworksBuildPhase;
			buildActionMask = 2147483647;
			files = (
			);
			runOnlyForDeploymentPostprocessing = 0;
		};
/* End PBXFrameworksBuildPhase section */

/* Begin PBXGroup section */
		3FDBD0042822A577007B6CEB = {
			isa = PBXGroup;
			children = (
				3FDBD00F2822A577007B6CEB /* test */,
				3FDBD00E2822A577007B6CEB /* Products */,
			);
			sourceTree = "<group>";
		};
		3FDBD00E2822A577007B6CEB /* Products */ = {
			isa = PBXGroup;
			children = (
				3FDBD00D2822A577007B6CEB /* test.app */,
			);
			name = Products;
			sourceTree = "<group>";
		};
		3FDBD00F2822A577007B6CEB /* test */ = {
			isa = PBXGroup;
			children = (
				3FDBD02C2822BEA8007B6CEB /* Onboarding */,
				3FDBD0242822BC58007B6CEB /* Login */,
				3FDBD0252822BCAB007B6CEB /* Profile */,
				3FDBD0102822A577007B6CEB /* AppDelegate.swift */,
				3FDBD0122822A577007B6CEB /* SceneDelegate.swift */,
				3FDBD0142822A577007B6CEB /* ViewController.swift */,
				3FDBD0162822A577007B6CEB /* Main.storyboard */,
				3FDBD0192822A579007B6CEB /* Assets.xcassets */,
				3FDBD01B2822A579007B6CEB /* LaunchScreen.storyboard */,
				3FDBD01E2822A579007B6CEB /* Info.plist */,
			);
			path = test;
			sourceTree = "<group>";
		};
		3FDBD0242822BC58007B6CEB /* Login */ = {
			isa = PBXGroup;
			children = (
				3FDBD0262822BD45007B6CEB /* Login.storyboard */,
				3FDBD02A2822BE5A007B6CEB /* LoginViewController.swift */,
			);
			path = Login;
			sourceTree = "<group>";
		};
		3FDBD0252822BCAB007B6CEB /* Profile */ = {
			isa = PBXGroup;
			children = (
				3FDBD0312822C1DC007B6CEB /* Profile.storyboard */,
			);
			path = Profile;
			sourceTree = "<group>";
		};
		3FDBD02C2822BEA8007B6CEB /* Onboarding */ = {
			isa = PBXGroup;
			children = (
				3FDBD02D2822BED9007B6CEB /* Onboarding.storyboard */,
				3FDBD02F2822BF2F007B6CEB /* OnboardingViewController.swift */,
			);
			path = Onboarding;
			sourceTree = "<group>";
		};
/* End PBXGroup section */

/* Begin PBXNativeTarget section */
		3FDBD00C2822A577007B6CEB /* test */ = {
			isa = PBXNativeTarget;
			buildConfigurationList = 3FDBD0212822A579007B6CEB /* Build configuration list for PBXNativeTarget "test" */;
			buildPhases = (
				3FDBD0092822A577007B6CEB /* Sources */,
				3FDBD00A2822A577007B6CEB /* Frameworks */,
				3FDBD00B2822A577007B6CEB /* Resources */,
			);
			buildRules = (
			);
			dependencies = (
			);
			name = test;
			productName = test;
			productReference = 3FDBD00D2822A577007B6CEB /* test.app */;
			productType = "com.apple.product-type.application";
		};
/* End PBXNativeTarget section */

/* Begin PBXProject section */
		3FDBD0052822A577007B6CEB /* Project object */ = {
			isa = PBXProject;
			attributes = {
				BuildIndependentTargetsInParallel = 1;
				LastSwiftUpdateCheck = 1310;
				LastUpgradeCheck = 1310;
				TargetAttributes = {
					3FDBD00C2822A577007B6CEB = {
						CreatedOnToolsVersion = 13.1;
					};
				};
			};
			buildConfigurationList = 3FDBD0082822A577007B6CEB /* Build configuration list for PBXProject "test" */;
			compatibilityVersion = "Xcode 13.0";
			developmentRegion = en;
			hasScannedForEncodings = 0;
			knownRegions = (
				en,
				Base,
			);
			mainGroup = 3FDBD0042822A577007B6CEB;
			productRefGroup = 3FDBD00E2822A577007B6CEB /* Products */;
			projectDirPath = "";
			projectRoot = "";
			targets = (
				3FDBD00C2822A577007B6CEB /* test */,
			);
		};
/* End PBXProject section */

/* Begin PBXResourcesBuildPhase section */
		3FDBD00B2822A577007B6CEB /* Resources */ = {
			isa = PBXResourcesBuildPhase;
			buildActionMask = 2147483647;
			files = (
				3FDBD0322822C1DC007B6CEB /* Profile.storyboard in Resources */,
				3FDBD0272822BD45007B6CEB /* Login.storyboard in Resources */,
				3FDBD02E2822BED9007B6CEB /* Onboarding.storyboard in Resources */,
				3FDBD01D2822A579007B6CEB /* LaunchScreen.storyboard in Resources */,
				3FDBD01A2822A579007B6CEB /* Assets.xcassets in Resources */,
				3FDBD0182822A577007B6CEB /* Main.storyboard in Resources */,
			);
			runOnlyForDeploymentPostprocessing = 0;
		};
/* End PBXResourcesBuildPhase section */

/* Begin PBXSourcesBuildPhase section */
		3FDBD0092822A577007B6CEB /* Sources */ = {
			isa = PBXSourcesBuildPhase;
			buildActionMask = 2147483647;
			files = (
				3FDBD02B2822BE5A007B6CEB /* LoginViewController.swift in Sources */,
				3FDBD0152822A577007B6CEB /* ViewController.swift in Sources */,
				3FDBD0302822BF2F007B6CEB /* OnboardingViewController.swift in Sources */,
				3FDBD0112822A577007B6CEB /* AppDelegate.swift in Sources */,
				3FDBD0132822A577007B6CEB /* SceneDelegate.swift in Sources */,
			);
			runOnlyForDeploymentPostprocessing = 0;
		};
/* End PBXSourcesBuildPhase section */

/* Begin PBXVariantGroup section */
		3FDBD0162822A577007B6CEB /* Main.storyboard */ = {
			isa = PBXVariantGroup;
			children = (
				3FDBD0172822A577007B6CEB /* Base */,
			);
			name = Main.storyboard;
			sourceTree = "<group>";
		};
		3FDBD01B2822A579007B6CEB /* LaunchScreen.storyboard */ = {
			isa = PBXVariantGroup;
			children = (
				3FDBD01C2822A579007B6CEB /* Base */,
			);
			name = LaunchScreen.storyboard;
			sourceTree = "<group>";
		};
/* End PBXVariantGroup section */

/* Begin XCBuildConfiguration section */
		3FDBD01F2822A579007B6CEB /* Debug */ = {
			isa = XCBuildConfiguration;
			buildSettings = {
				ALWAYS_SEARCH_USER_PATHS = NO;
				CLANG_ANALYZER_NONNULL = YES;
				CLANG_ANALYZER_NUMBER_OBJECT_CONVERSION = YES_AGGRESSIVE;
				CLANG_CXX_LANGUAGE_STANDARD = "gnu++17";
				CLANG_CXX_LIBRARY = "libc++";
				CLANG_ENABLE_MODULES = YES;
				CLANG_ENABLE_OBJC_ARC = YES;
				CLANG_ENABLE_OBJC_WEAK = YES;
				CLANG_WARN_BLOCK_CAPTURE_AUTORELEASING = YES;
				CLANG_WARN_BOOL_CONVERSION = YES;
				CLANG_WARN_COMMA = YES;
				CLANG_WARN_CONSTANT_CONVERSION = YES;
				CLANG_WARN_DEPRECATED_OBJC_IMPLEMENTATIONS = YES;
				CLANG_WARN_DIRECT_OBJC_ISA_USAGE = YES_ERROR;
				CLANG_WARN_DOCUMENTATION_COMMENTS = YES;
				CLANG_WARN_EMPTY_BODY = YES;
				CLANG_WARN_ENUM_CONVERSION = YES;
				CLANG_WARN_INFINITE_RECURSION = YES;
				CLANG_WARN_INT_CONVERSION = YES;
				CLANG_WARN_NON_LITERAL_NULL_CONVERSION = YES;
				CLANG_WARN_OBJC_IMPLICIT_RETAIN_SELF = YES;
				CLANG_WARN_OBJC_LITERAL_CONVERSION = YES;
				CLANG_WARN_OBJC_ROOT_CLASS = YES_ERROR;
				CLANG_WARN_QUOTED_INCLUDE_IN_FRAMEWORK_HEADER = YES;
				CLANG_WARN_RANGE_LOOP_ANALYSIS = YES;
				CLANG_WARN_STRICT_PROTOTYPES = YES;
				CLANG_WARN_SUSPICIOUS_MOVE = YES;
				CLANG_WARN_UNGUARDED_AVAILABILITY = YES_AGGRESSIVE;
				CLANG_WARN_UNREACHABLE_CODE = YES;
				CLANG_WARN__DUPLICATE_METHOD_MATCH = YES;
				COPY_PHASE_STRIP = NO;
				DEBUG_INFORMATION_FORMAT = dwarf;
				ENABLE_STRICT_OBJC_MSGSEND = YES;
				ENABLE_TESTABILITY = YES;
				GCC_C_LANGUAGE_STANDARD = gnu11;
				GCC_DYNAMIC_NO_PIC = NO;
				GCC_NO_COMMON_BLOCKS = YES;
				GCC_OPTIMIZATION_LEVEL = 0;
				GCC_PREPROCESSOR_DEFINITIONS = (
					"DEBUG=1",
					"$(inherited)",
				);
				GCC_WARN_64_TO_32_BIT_CONVERSION = YES;
				GCC_WARN_ABOUT_RETURN_TYPE = YES_ERROR;
				GCC_WARN_UNDECLARED_SELECTOR = YES;
				GCC_WARN_UNINITIALIZED_AUTOS = YES_AGGRESSIVE;
				GCC_WARN_UNUSED_FUNCTION = YES;
				GCC_WARN_UNUSED_VARIABLE = YES;
				IPHONEOS_DEPLOYMENT_TARGET = 15.0;
				MTL_ENABLE_DEBUG_INFO = INCLUDE_SOURCE;
				MTL_FAST_MATH = YES;
				ONLY_ACTIVE_ARCH = YES;
				SDKROOT = iphoneos;
				SWIFT_ACTIVE_COMPILATION_CONDITIONS = DEBUG;
				SWIFT_OPTIMIZATION_LEVEL = "-Onone";
			};
			name = Debug;
		};
		3FDBD0202822A579007B6CEB /* Release */ = {
			isa = XCBuildConfiguration;
			buildSettings = {
				ALWAYS_SEARCH_USER_PATHS = NO;
				CLANG_ANALYZER_NONNULL = YES;
				CLANG_ANALYZER_NUMBER_OBJECT_CONVERSION = YES_AGGRESSIVE;
				CLANG_CXX_LANGUAGE_STANDARD = "gnu++17";
				CLANG_CXX_LIBRARY = "libc++";
				CLANG_ENABLE_MODULES = YES;
				CLANG_ENABLE_OBJC_ARC = YES;
				CLANG_ENABLE_OBJC_WEAK = YES;
				CLANG_WARN_BLOCK_CAPTURE_AUTORELEASING = YES;
				CLANG_WARN_BOOL_CONVERSION = YES;
				CLANG_WARN_COMMA = YES;
				CLANG_WARN_CONSTANT_CONVERSION = YES;
				CLANG_WARN_DEPRECATED_OBJC_IMPLEMENTATIONS = YES;
				CLANG_WARN_DIRECT_OBJC_ISA_USAGE = YES_ERROR;
				CLANG_WARN_DOCUMENTATION_COMMENTS = YES;
				CLANG_WARN_EMPTY_BODY = YES;
				CLANG_WARN_ENUM_CONVERSION = YES;
				CLANG_WARN_INFINITE_RECURSION = YES;
				CLANG_WARN_INT_CONVERSION = YES;
				CLANG_WARN_NON_LITERAL_NULL_CONVERSION = YES;
				CLANG_WARN_OBJC_IMPLICIT_RETAIN_SELF = YES;
				CLANG_WARN_OBJC_LITERAL_CONVERSION = YES;
				CLANG_WARN_OBJC_ROOT_CLASS = YES_ERROR;
				CLANG_WARN_QUOTED_INCLUDE_IN_FRAMEWORK_HEADER = YES;
				CLANG_WARN_RANGE_LOOP_ANALYSIS = YES;
				CLANG_WARN_STRICT_PROTOTYPES = YES;
				CLANG_WARN_SUSPICIOUS_MOVE = YES;
				CLANG_WARN_UNGUARDED_AVAILABILITY = YES_AGGRESSIVE;
				CLANG_WARN_UNREACHABLE_CODE = YES;
				CLANG_WARN__DUPLICATE_METHOD_MATCH = YES;
				COPY_PHASE_STRIP = NO;
				DEBUG_INFORMATION_FORMAT = "dwarf-with-dsym";
				ENABLE_NS_ASSERTIONS = NO;
				ENABLE_STRICT_OBJC_MSGSEND = YES;
				GCC_C_LANGUAGE_STANDARD = gnu11;
				GCC_NO_COMMON_BLOCKS = YES;
				GCC_WARN_64_TO_32_BIT_CONVERSION = YES;
				GCC_WARN_ABOUT_RETURN_TYPE = YES_ERROR;
				GCC_WARN_UNDECLARED_SELECTOR = YES;
				GCC_WARN_UNINITIALIZED_AUTOS = YES_AGGRESSIVE;
				GCC_WARN_UNUSED_FUNCTION = YES;
				GCC_WARN_UNUSED_VARIABLE = YES;
				IPHONEOS_DEPLOYMENT_TARGET = 15.0;
				MTL_ENABLE_DEBUG_INFO = NO;
				MTL_FAST_MATH = YES;
				SDKROOT = iphoneos;
				SWIFT_COMPILATION_MODE = wholemodule;
				SWIFT_OPTIMIZATION_LEVEL = "-O";
				VALIDATE_PRODUCT = YES;
			};
			name = Release;
		};
		3FDBD0222822A579007B6CEB /* Debug */ = {
			isa = XCBuildConfiguration;
			buildSettings = {
				ASSETCATALOG_COMPILER_APPICON_NAME = AppIcon;
				ASSETCATALOG_COMPILER_GLOBAL_ACCENT_COLOR_NAME = AccentColor;
				CODE_SIGN_STYLE = Automatic;
				CURRENT_PROJECT_VERSION = 1;
				GENERATE_INFOPLIST_FILE = YES;
				INFOPLIST_FILE = test/Info.plist;
				INFOPLIST_KEY_UIApplicationSupportsIndirectInputEvents = YES;
				INFOPLIST_KEY_UILaunchStoryboardName = LaunchScreen;
				INFOPLIST_KEY_UIMainStoryboardFile = Main;
				INFOPLIST_KEY_UISupportedInterfaceOrientations_iPad = "UIInterfaceOrientationPortrait UIInterfaceOrientationPortraitUpsideDown UIInterfaceOrientationLandscapeLeft UIInterfaceOrientationLandscapeRight";
				INFOPLIST_KEY_UISupportedInterfaceOrientations_iPhone = "UIInterfaceOrientationPortrait UIInterfaceOrientationLandscapeLeft UIInterfaceOrientationLandscapeRight";
				LD_RUNPATH_SEARCH_PATHS = (
					"$(inherited)",
					"@executable_path/Frameworks",
				);
				MARKETING_VERSION = 1.0;
				PRODUCT_BUNDLE_IDENTIFIER = dmitriev.test;
				PRODUCT_NAME = "$(TARGET_NAME)";
				SWIFT_EMIT_LOC_STRINGS = YES;
				SWIFT_VERSION = 5.0;
				TARGETED_DEVICE_FAMILY = "1,2";
			};
			name = Debug;
		};
		3FDBD0232822A579007B6CEB /* Release */ = {
			isa = XCBuildConfiguration;
			buildSettings = {
				ASSETCATALOG_COMPILER_APPICON_NAME = AppIcon;
				ASSETCATALOG_COMPILER_GLOBAL_ACCENT_COLOR_NAME = AccentColor;
				CODE_SIGN_STYLE = Automatic;
				CURRENT_PROJECT_VERSION = 1;
				GENERATE_INFOPLIST_FILE = YES;
				INFOPLIST_FILE = test/Info.plist;
				INFOPLIST_KEY_UIApplicationSupportsIndirectInputEvents = YES;
				INFOPLIST_KEY_UILaunchStoryboardName = LaunchScreen;
				INFOPLIST_KEY_UIMainStoryboardFile = Main;
				INFOPLIST_KEY_UISupportedInterfaceOrientations_iPad = "UIInterfaceOrientationPortrait UIInterfaceOrientationPortraitUpsideDown UIInterfaceOrientationLandscapeLeft UIInterfaceOrientationLandscapeRight";
				INFOPLIST_KEY_UISupportedInterfaceOrientations_iPhone = "UIInterfaceOrientationPortrait UIInterfaceOrientationLandscapeLeft UIInterfaceOrientationLandscapeRight";
				LD_RUNPATH_SEARCH_PATHS = (
					"$(inherited)",
					"@executable_path/Frameworks",
				);
				MARKETING_VERSION = 1.0;
				PRODUCT_BUNDLE_IDENTIFIER = dmitriev.test;
				PRODUCT_NAME = "$(TARGET_NAME)";
				SWIFT_EMIT_LOC_STRINGS = YES;
				SWIFT_VERSION = 5.0;
				TARGETED_DEVICE_FAMILY = "1,2";
			};
			name = Release;
		};
/* End XCBuildConfiguration section */

/* Begin XCConfigurationList section */
		3FDBD0082822A577007B6CEB /* Build configuration list for PBXProject "test" */ = {
			isa = XCConfigurationList;
			buildConfigurations = (
				3FDBD01F2822A579007B6CEB /* Debug */,
				3FDBD0202822A579007B6CEB /* Release */,
			);
			defaultConfigurationIsVisible = 0;
			defaultConfigurationName = Release;
		};
		3FDBD0212822A579007B6CEB /* Build configuration list for PBXNativeTarget "test" */ = {
			isa = XCConfigurationList;
			buildConfigurations = (
				3FDBD0222822A579007B6CEB /* Debug */,
				3FDBD0232822A579007B6CEB /* Release */,
			);
			defaultConfigurationIsVisible = 0;
			defaultConfigurationName = Release;
		};
/* End XCConfigurationList section */
	};
	rootObject = 3FDBD0052822A577007B6CEB /* Project object */;
}
